// !$*UTF8*$!
{
	archiveVersion = 1;
	classes = {
	};
	objectVersion = 51;
	objects = {

/* Begin PBXBuildFile section */
		692F5D2AB9974B0F58287570 /* Pods_VIPER.framework in Frameworks */ = {isa = PBXBuildFile; fileRef = 19AEC763E7EC76B86A33840C /* Pods_VIPER.framework */; };
		820430002579DEEB00628BAB /* AppDelegate.swift in Sources */ = {isa = PBXBuildFile; fileRef = 82042FFF2579DEEB00628BAB /* AppDelegate.swift */; };
		820430022579DEEB00628BAB /* SceneDelegate.swift in Sources */ = {isa = PBXBuildFile; fileRef = 820430012579DEEB00628BAB /* SceneDelegate.swift */; };
		820430042579DEEB00628BAB /* ViewController.swift in Sources */ = {isa = PBXBuildFile; fileRef = 820430032579DEEB00628BAB /* ViewController.swift */; };
		820430072579DEEB00628BAB /* Main.storyboard in Resources */ = {isa = PBXBuildFile; fileRef = 820430052579DEEB00628BAB /* Main.storyboard */; };
		820430092579DEEC00628BAB /* Assets.xcassets in Resources */ = {isa = PBXBuildFile; fileRef = 820430082579DEEC00628BAB /* Assets.xcassets */; };
		8204300C2579DEEC00628BAB /* LaunchScreen.storyboard in Resources */ = {isa = PBXBuildFile; fileRef = 8204300A2579DEEC00628BAB /* LaunchScreen.storyboard */; };
		824199C9257F9697002E5BEF /* ItemListScreenProtocols.swift in Sources */ = {isa = PBXBuildFile; fileRef = 824199C8257F9697002E5BEF /* ItemListScreenProtocols.swift */; };
		824199CD257F969E002E5BEF /* ItemListScreenRouter.swift in Sources */ = {isa = PBXBuildFile; fileRef = 824199CC257F969E002E5BEF /* ItemListScreenRouter.swift */; };
		824199D0257F96A4002E5BEF /* ItemListScreenInteractor.swift in Sources */ = {isa = PBXBuildFile; fileRef = 824199CF257F96A4002E5BEF /* ItemListScreenInteractor.swift */; };
		824199D3257F96A9002E5BEF /* ItemListScreenPresenter.swift in Sources */ = {isa = PBXBuildFile; fileRef = 824199D2257F96A9002E5BEF /* ItemListScreenPresenter.swift */; };
		824199D6257F96AF002E5BEF /* ItemListScreenView.swift in Sources */ = {isa = PBXBuildFile; fileRef = 824199D5257F96AF002E5BEF /* ItemListScreenView.swift */; };
		824199D9257F9EA3002E5BEF /* ItemListScreenView+CustomCell.swift in Sources */ = {isa = PBXBuildFile; fileRef = 824199D8257F9EA3002E5BEF /* ItemListScreenView+CustomCell.swift */; };
		82494A32257DDBE00037142F /* EmptyScreenProtocols.swift in Sources */ = {isa = PBXBuildFile; fileRef = 82494A31257DDBE00037142F /* EmptyScreenProtocols.swift */; };
		82494A35257DDBEA0037142F /* EmptyScreenRouter.swift in Sources */ = {isa = PBXBuildFile; fileRef = 82494A34257DDBEA0037142F /* EmptyScreenRouter.swift */; };
		82494A38257DDBEF0037142F /* EmptyScreenInteractor.swift in Sources */ = {isa = PBXBuildFile; fileRef = 82494A37257DDBEF0037142F /* EmptyScreenInteractor.swift */; };
		82494A3B257DDBFC0037142F /* EmptyScreenPresenter.swift in Sources */ = {isa = PBXBuildFile; fileRef = 82494A3A257DDBFC0037142F /* EmptyScreenPresenter.swift */; };
		82494A3E257DDC010037142F /* EmptyScreenView.swift in Sources */ = {isa = PBXBuildFile; fileRef = 82494A3D257DDC010037142F /* EmptyScreenView.swift */; };
		82494A42257DDF430037142F /* README.md in Resources */ = {isa = PBXBuildFile; fileRef = 82494A41257DDF430037142F /* README.md */; };
/* End PBXBuildFile section */

/* Begin PBXFileReference section */
		19AEC763E7EC76B86A33840C /* Pods_VIPER.framework */ = {isa = PBXFileReference; explicitFileType = wrapper.framework; includeInIndex = 0; path = Pods_VIPER.framework; sourceTree = BUILT_PRODUCTS_DIR; };
		82042FFC2579DEEB00628BAB /* VIPER.app */ = {isa = PBXFileReference; explicitFileType = wrapper.application; includeInIndex = 0; path = VIPER.app; sourceTree = BUILT_PRODUCTS_DIR; };
		82042FFF2579DEEB00628BAB /* AppDelegate.swift */ = {isa = PBXFileReference; lastKnownFileType = sourcecode.swift; path = AppDelegate.swift; sourceTree = "<group>"; };
		820430012579DEEB00628BAB /* SceneDelegate.swift */ = {isa = PBXFileReference; lastKnownFileType = sourcecode.swift; path = SceneDelegate.swift; sourceTree = "<group>"; };
		820430032579DEEB00628BAB /* ViewController.swift */ = {isa = PBXFileReference; lastKnownFileType = sourcecode.swift; path = ViewController.swift; sourceTree = "<group>"; };
		820430062579DEEB00628BAB /* Base */ = {isa = PBXFileReference; lastKnownFileType = file.storyboard; name = Base; path = Base.lproj/Main.storyboard; sourceTree = "<group>"; };
		820430082579DEEC00628BAB /* Assets.xcassets */ = {isa = PBXFileReference; lastKnownFileType = folder.assetcatalog; path = Assets.xcassets; sourceTree = "<group>"; };
		8204300B2579DEEC00628BAB /* Base */ = {isa = PBXFileReference; lastKnownFileType = file.storyboard; name = Base; path = Base.lproj/LaunchScreen.storyboard; sourceTree = "<group>"; };
		8204300D2579DEEC00628BAB /* Info.plist */ = {isa = PBXFileReference; lastKnownFileType = text.plist.xml; path = Info.plist; sourceTree = "<group>"; };
		824199C8257F9697002E5BEF /* ItemListScreenProtocols.swift */ = {isa = PBXFileReference; lastKnownFileType = sourcecode.swift; path = ItemListScreenProtocols.swift; sourceTree = "<group>"; };
		824199CC257F969E002E5BEF /* ItemListScreenRouter.swift */ = {isa = PBXFileReference; lastKnownFileType = sourcecode.swift; path = ItemListScreenRouter.swift; sourceTree = "<group>"; };
		824199CF257F96A4002E5BEF /* ItemListScreenInteractor.swift */ = {isa = PBXFileReference; lastKnownFileType = sourcecode.swift; path = ItemListScreenInteractor.swift; sourceTree = "<group>"; };
		824199D2257F96A9002E5BEF /* ItemListScreenPresenter.swift */ = {isa = PBXFileReference; lastKnownFileType = sourcecode.swift; path = ItemListScreenPresenter.swift; sourceTree = "<group>"; };
		824199D5257F96AF002E5BEF /* ItemListScreenView.swift */ = {isa = PBXFileReference; lastKnownFileType = sourcecode.swift; path = ItemListScreenView.swift; sourceTree = "<group>"; };
		824199D8257F9EA3002E5BEF /* ItemListScreenView+CustomCell.swift */ = {isa = PBXFileReference; lastKnownFileType = sourcecode.swift; path = "ItemListScreenView+CustomCell.swift"; sourceTree = "<group>"; };
		82494A31257DDBE00037142F /* EmptyScreenProtocols.swift */ = {isa = PBXFileReference; lastKnownFileType = sourcecode.swift; path = EmptyScreenProtocols.swift; sourceTree = "<group>"; };
		82494A34257DDBEA0037142F /* EmptyScreenRouter.swift */ = {isa = PBXFileReference; lastKnownFileType = sourcecode.swift; path = EmptyScreenRouter.swift; sourceTree = "<group>"; };
		82494A37257DDBEF0037142F /* EmptyScreenInteractor.swift */ = {isa = PBXFileReference; lastKnownFileType = sourcecode.swift; path = EmptyScreenInteractor.swift; sourceTree = "<group>"; };
		82494A3A257DDBFC0037142F /* EmptyScreenPresenter.swift */ = {isa = PBXFileReference; lastKnownFileType = sourcecode.swift; path = EmptyScreenPresenter.swift; sourceTree = "<group>"; };
		82494A3D257DDC010037142F /* EmptyScreenView.swift */ = {isa = PBXFileReference; lastKnownFileType = sourcecode.swift; path = EmptyScreenView.swift; sourceTree = "<group>"; };
		82494A41257DDF430037142F /* README.md */ = {isa = PBXFileReference; lastKnownFileType = net.daringfireball.markdown; path = README.md; sourceTree = "<group>"; };
		BEFCB381300438CC4C9E4966 /* Pods-VIPER.debug.xcconfig */ = {isa = PBXFileReference; includeInIndex = 1; lastKnownFileType = text.xcconfig; name = "Pods-VIPER.debug.xcconfig"; path = "Target Support Files/Pods-VIPER/Pods-VIPER.debug.xcconfig"; sourceTree = "<group>"; };
		DC40FE6B42B629EF9141FF64 /* Pods-VIPER.release.xcconfig */ = {isa = PBXFileReference; includeInIndex = 1; lastKnownFileType = text.xcconfig; name = "Pods-VIPER.release.xcconfig"; path = "Target Support Files/Pods-VIPER/Pods-VIPER.release.xcconfig"; sourceTree = "<group>"; };
/* End PBXFileReference section */

/* Begin PBXFrameworksBuildPhase section */
		82042FF92579DEEB00628BAB /* Frameworks */ = {
			isa = PBXFrameworksBuildPhase;
			buildActionMask = 2147483647;
			files = (
				692F5D2AB9974B0F58287570 /* Pods_VIPER.framework in Frameworks */,
			);
			runOnlyForDeploymentPostprocessing = 0;
		};
/* End PBXFrameworksBuildPhase section */

/* Begin PBXGroup section */
		555485DA4FA65CDDB403477E /* Frameworks */ = {
			isa = PBXGroup;
			children = (
				19AEC763E7EC76B86A33840C /* Pods_VIPER.framework */,
			);
			name = Frameworks;
			sourceTree = "<group>";
		};
		82042FF32579DEEB00628BAB = {
			isa = PBXGroup;
			children = (
				82494A41257DDF430037142F /* README.md */,
				82042FFE2579DEEB00628BAB /* VIPER */,
				82042FFD2579DEEB00628BAB /* Products */,
				88A37BCC1F2D0A1CDC424236 /* Pods */,
				555485DA4FA65CDDB403477E /* Frameworks */,
			);
			sourceTree = "<group>";
		};
		82042FFD2579DEEB00628BAB /* Products */ = {
			isa = PBXGroup;
			children = (
				82042FFC2579DEEB00628BAB /* VIPER.app */,
			);
			name = Products;
			sourceTree = "<group>";
		};
		82042FFE2579DEEB00628BAB /* VIPER */ = {
			isa = PBXGroup;
			children = (
				82494A22257DDA6B0037142F /* screens */,
				82042FFF2579DEEB00628BAB /* AppDelegate.swift */,
				820430012579DEEB00628BAB /* SceneDelegate.swift */,
				820430032579DEEB00628BAB /* ViewController.swift */,
				820430052579DEEB00628BAB /* Main.storyboard */,
				820430082579DEEC00628BAB /* Assets.xcassets */,
				8204300A2579DEEC00628BAB /* LaunchScreen.storyboard */,
				8204300D2579DEEC00628BAB /* Info.plist */,
			);
			path = VIPER;
			sourceTree = "<group>";
		};
		824199C7257F9646002E5BEF /* ItemListScreen */ = {
			isa = PBXGroup;
			children = (
				824199C8257F9697002E5BEF /* ItemListScreenProtocols.swift */,
				824199CC257F969E002E5BEF /* ItemListScreenRouter.swift */,
				824199CF257F96A4002E5BEF /* ItemListScreenInteractor.swift */,
				824199D2257F96A9002E5BEF /* ItemListScreenPresenter.swift */,
				824199D5257F96AF002E5BEF /* ItemListScreenView.swift */,
				824199D8257F9EA3002E5BEF /* ItemListScreenView+CustomCell.swift */,
			);
			path = ItemListScreen;
			sourceTree = "<group>";
		};
		82494A22257DDA6B0037142F /* screens */ = {
			isa = PBXGroup;
			children = (
				82494A30257DDAE80037142F /* EmptyScreen */,
				824199C7257F9646002E5BEF /* ItemListScreen */,
			);
			path = screens;
			sourceTree = "<group>";
		};
		82494A30257DDAE80037142F /* EmptyScreen */ = {
			isa = PBXGroup;
			children = (
				82494A31257DDBE00037142F /* EmptyScreenProtocols.swift */,
				82494A34257DDBEA0037142F /* EmptyScreenRouter.swift */,
				82494A37257DDBEF0037142F /* EmptyScreenInteractor.swift */,
				82494A3A257DDBFC0037142F /* EmptyScreenPresenter.swift */,
				82494A3D257DDC010037142F /* EmptyScreenView.swift */,
			);
			path = EmptyScreen;
			sourceTree = "<group>";
		};
		88A37BCC1F2D0A1CDC424236 /* Pods */ = {
			isa = PBXGroup;
			children = (
				BEFCB381300438CC4C9E4966 /* Pods-VIPER.debug.xcconfig */,
				DC40FE6B42B629EF9141FF64 /* Pods-VIPER.release.xcconfig */,
			);
			path = Pods;
			sourceTree = "<group>";
		};
/* End PBXGroup section */

/* Begin PBXNativeTarget section */
		82042FFB2579DEEB00628BAB /* VIPER */ = {
			isa = PBXNativeTarget;
			buildConfigurationList = 820430102579DEEC00628BAB /* Build configuration list for PBXNativeTarget "VIPER" */;
			buildPhases = (
				CB88F72AB3E58F2554B5BCC9 /* [CP] Check Pods Manifest.lock */,
				82042FF82579DEEB00628BAB /* Sources */,
				82042FF92579DEEB00628BAB /* Frameworks */,
				82042FFA2579DEEB00628BAB /* Resources */,
				C0DDF95E78CD3A093414A6DB /* [CP] Embed Pods Frameworks */,
			);
			buildRules = (
			);
			dependencies = (
			);
			name = VIPER;
			productName = VIPER;
			productReference = 82042FFC2579DEEB00628BAB /* VIPER.app */;
			productType = "com.apple.product-type.application";
		};
/* End PBXNativeTarget section */

/* Begin PBXProject section */
		82042FF42579DEEB00628BAB /* Project object */ = {
			isa = PBXProject;
			attributes = {
				LastSwiftUpdateCheck = 1220;
				LastUpgradeCheck = 1220;
				TargetAttributes = {
					82042FFB2579DEEB00628BAB = {
						CreatedOnToolsVersion = 12.2;
					};
				};
			};
			buildConfigurationList = 82042FF72579DEEB00628BAB /* Build configuration list for PBXProject "VIPER" */;
			compatibilityVersion = "Xcode 9.3";
			developmentRegion = en;
			hasScannedForEncodings = 0;
			knownRegions = (
				en,
				Base,
			);
			mainGroup = 82042FF32579DEEB00628BAB;
			productRefGroup = 82042FFD2579DEEB00628BAB /* Products */;
			projectDirPath = "";
			projectRoot = "";
			targets = (
				82042FFB2579DEEB00628BAB /* VIPER */,
			);
		};
/* End PBXProject section */

/* Begin PBXResourcesBuildPhase section */
		82042FFA2579DEEB00628BAB /* Resources */ = {
			isa = PBXResourcesBuildPhase;
			buildActionMask = 2147483647;
			files = (
				8204300C2579DEEC00628BAB /* LaunchScreen.storyboard in Resources */,
				820430092579DEEC00628BAB /* Assets.xcassets in Resources */,
				82494A42257DDF430037142F /* README.md in Resources */,
				820430072579DEEB00628BAB /* Main.storyboard in Resources */,
			);
			runOnlyForDeploymentPostprocessing = 0;
		};
/* End PBXResourcesBuildPhase section */

/* Begin PBXShellScriptBuildPhase section */
		C0DDF95E78CD3A093414A6DB /* [CP] Embed Pods Frameworks */ = {
			isa = PBXShellScriptBuildPhase;
			buildActionMask = 2147483647;
			files = (
			);
			inputFileListPaths = (
				"${PODS_ROOT}/Target Support Files/Pods-VIPER/Pods-VIPER-frameworks-${CONFIGURATION}-input-files.xcfilelist",
			);
			name = "[CP] Embed Pods Frameworks";
			outputFileListPaths = (
				"${PODS_ROOT}/Target Support Files/Pods-VIPER/Pods-VIPER-frameworks-${CONFIGURATION}-output-files.xcfilelist",
			);
			runOnlyForDeploymentPostprocessing = 0;
			shellPath = /bin/sh;
			shellScript = "\"${PODS_ROOT}/Target Support Files/Pods-VIPER/Pods-VIPER-frameworks.sh\"\n";
			showEnvVarsInLog = 0;
		};
		CB88F72AB3E58F2554B5BCC9 /* [CP] Check Pods Manifest.lock */ = {
			isa = PBXShellScriptBuildPhase;
			buildActionMask = 2147483647;
			files = (
			);
			inputFileListPaths = (
			);
			inputPaths = (
				"${PODS_PODFILE_DIR_PATH}/Podfile.lock",
				"${PODS_ROOT}/Manifest.lock",
			);
			name = "[CP] Check Pods Manifest.lock";
			outputFileListPaths = (
			);
			outputPaths = (
				"$(DERIVED_FILE_DIR)/Pods-VIPER-checkManifestLockResult.txt",
			);
			runOnlyForDeploymentPostprocessing = 0;
			shellPath = /bin/sh;
			shellScript = "diff \"${PODS_PODFILE_DIR_PATH}/Podfile.lock\" \"${PODS_ROOT}/Manifest.lock\" > /dev/null\nif [ $? != 0 ] ; then\n    # print error to STDERR\n    echo \"error: The sandbox is not in sync with the Podfile.lock. Run 'pod install' or update your CocoaPods installation.\" >&2\n    exit 1\nfi\n# This output is used by Xcode 'outputs' to avoid re-running this script phase.\necho \"SUCCESS\" > \"${SCRIPT_OUTPUT_FILE_0}\"\n";
			showEnvVarsInLog = 0;
		};
/* End PBXShellScriptBuildPhase section */

/* Begin PBXSourcesBuildPhase section */
		82042FF82579DEEB00628BAB /* Sources */ = {
			isa = PBXSourcesBuildPhase;
			buildActionMask = 2147483647;
			files = (
				820430042579DEEB00628BAB /* ViewController.swift in Sources */,
				82494A3E257DDC010037142F /* EmptyScreenView.swift in Sources */,
				824199C9257F9697002E5BEF /* ItemListScreenProtocols.swift in Sources */,
				824199D0257F96A4002E5BEF /* ItemListScreenInteractor.swift in Sources */,
				82494A3B257DDBFC0037142F /* EmptyScreenPresenter.swift in Sources */,
				82494A35257DDBEA0037142F /* EmptyScreenRouter.swift in Sources */,
				824199CD257F969E002E5BEF /* ItemListScreenRouter.swift in Sources */,
				824199D6257F96AF002E5BEF /* ItemListScreenView.swift in Sources */,
				82494A38257DDBEF0037142F /* EmptyScreenInteractor.swift in Sources */,
				820430002579DEEB00628BAB /* AppDelegate.swift in Sources */,
				820430022579DEEB00628BAB /* SceneDelegate.swift in Sources */,
				82494A32257DDBE00037142F /* EmptyScreenProtocols.swift in Sources */,
				824199D9257F9EA3002E5BEF /* ItemListScreenView+CustomCell.swift in Sources */,
				824199D3257F96A9002E5BEF /* ItemListScreenPresenter.swift in Sources */,
			);
			runOnlyForDeploymentPostprocessing = 0;
		};
/* End PBXSourcesBuildPhase section */

/* Begin PBXVariantGroup section */
		820430052579DEEB00628BAB /* Main.storyboard */ = {
			isa = PBXVariantGroup;
			children = (
				820430062579DEEB00628BAB /* Base */,
			);
			name = Main.storyboard;
			sourceTree = "<group>";
		};
		8204300A2579DEEC00628BAB /* LaunchScreen.storyboard */ = {
			isa = PBXVariantGroup;
			children = (
				8204300B2579DEEC00628BAB /* Base */,
			);
			name = LaunchScreen.storyboard;
			sourceTree = "<group>";
		};
/* End PBXVariantGroup section */

/* Begin XCBuildConfiguration section */
		8204300E2579DEEC00628BAB /* Debug */ = {
			isa = XCBuildConfiguration;
			buildSettings = {
				ALWAYS_SEARCH_USER_PATHS = NO;
				CLANG_ANALYZER_NONNULL = YES;
				CLANG_ANALYZER_NUMBER_OBJECT_CONVERSION = YES_AGGRESSIVE;
				CLANG_CXX_LANGUAGE_STANDARD = "gnu++14";
				CLANG_CXX_LIBRARY = "libc++";
				CLANG_ENABLE_MODULES = YES;
				CLANG_ENABLE_OBJC_ARC = YES;
				CLANG_ENABLE_OBJC_WEAK = YES;
				CLANG_WARN_BLOCK_CAPTURE_AUTORELEASING = YES;
				CLANG_WARN_BOOL_CONVERSION = YES;
				CLANG_WARN_COMMA = YES;
				CLANG_WARN_CONSTANT_CONVERSION = YES;
				CLANG_WARN_DEPRECATED_OBJC_IMPLEMENTATIONS = YES;
				CLANG_WARN_DIRECT_OBJC_ISA_USAGE = YES_ERROR;
				CLANG_WARN_DOCUMENTATION_COMMENTS = YES;
				CLANG_WARN_EMPTY_BODY = YES;
				CLANG_WARN_ENUM_CONVERSION = YES;
				CLANG_WARN_INFINITE_RECURSION = YES;
				CLANG_WARN_INT_CONVERSION = YES;
				CLANG_WARN_NON_LITERAL_NULL_CONVERSION = YES;
				CLANG_WARN_OBJC_IMPLICIT_RETAIN_SELF = YES;
				CLANG_WARN_OBJC_LITERAL_CONVERSION = YES;
				CLANG_WARN_OBJC_ROOT_CLASS = YES_ERROR;
				CLANG_WARN_QUOTED_INCLUDE_IN_FRAMEWORK_HEADER = YES;
				CLANG_WARN_RANGE_LOOP_ANALYSIS = YES;
				CLANG_WARN_STRICT_PROTOTYPES = YES;
				CLANG_WARN_SUSPICIOUS_MOVE = YES;
				CLANG_WARN_UNGUARDED_AVAILABILITY = YES_AGGRESSIVE;
				CLANG_WARN_UNREACHABLE_CODE = YES;
				CLANG_WARN__DUPLICATE_METHOD_MATCH = YES;
				COPY_PHASE_STRIP = NO;
				DEBUG_INFORMATION_FORMAT = dwarf;
				ENABLE_STRICT_OBJC_MSGSEND = YES;
				ENABLE_TESTABILITY = YES;
				GCC_C_LANGUAGE_STANDARD = gnu11;
				GCC_DYNAMIC_NO_PIC = NO;
				GCC_NO_COMMON_BLOCKS = YES;
				GCC_OPTIMIZATION_LEVEL = 0;
				GCC_PREPROCESSOR_DEFINITIONS = (
					"DEBUG=1",
					"$(inherited)",
				);
				GCC_WARN_64_TO_32_BIT_CONVERSION = YES;
				GCC_WARN_ABOUT_RETURN_TYPE = YES_ERROR;
				GCC_WARN_UNDECLARED_SELECTOR = YES;
				GCC_WARN_UNINITIALIZED_AUTOS = YES_AGGRESSIVE;
				GCC_WARN_UNUSED_FUNCTION = YES;
				GCC_WARN_UNUSED_VARIABLE = YES;
				IPHONEOS_DEPLOYMENT_TARGET = 14.2;
				MTL_ENABLE_DEBUG_INFO = INCLUDE_SOURCE;
				MTL_FAST_MATH = YES;
				ONLY_ACTIVE_ARCH = YES;
				SDKROOT = iphoneos;
				SWIFT_ACTIVE_COMPILATION_CONDITIONS = DEBUG;
				SWIFT_OPTIMIZATION_LEVEL = "-Onone";
			};
			name = Debug;
		};
		8204300F2579DEEC00628BAB /* Release */ = {
			isa = XCBuildConfiguration;
			buildSettings = {
				ALWAYS_SEARCH_USER_PATHS = NO;
				CLANG_ANALYZER_NONNULL = YES;
				CLANG_ANALYZER_NUMBER_OBJECT_CONVERSION = YES_AGGRESSIVE;
				CLANG_CXX_LANGUAGE_STANDARD = "gnu++14";
				CLANG_CXX_LIBRARY = "libc++";
				CLANG_ENABLE_MODULES = YES;
				CLANG_ENABLE_OBJC_ARC = YES;
				CLANG_ENABLE_OBJC_WEAK = YES;
				CLANG_WARN_BLOCK_CAPTURE_AUTORELEASING = YES;
				CLANG_WARN_BOOL_CONVERSION = YES;
				CLANG_WARN_COMMA = YES;
				CLANG_WARN_CONSTANT_CONVERSION = YES;
				CLANG_WARN_DEPRECATED_OBJC_IMPLEMENTATIONS = YES;
				CLANG_WARN_DIRECT_OBJC_ISA_USAGE = YES_ERROR;
				CLANG_WARN_DOCUMENTATION_COMMENTS = YES;
				CLANG_WARN_EMPTY_BODY = YES;
				CLANG_WARN_ENUM_CONVERSION = YES;
				CLANG_WARN_INFINITE_RECURSION = YES;
				CLANG_WARN_INT_CONVERSION = YES;
				CLANG_WARN_NON_LITERAL_NULL_CONVERSION = YES;
				CLANG_WARN_OBJC_IMPLICIT_RETAIN_SELF = YES;
				CLANG_WARN_OBJC_LITERAL_CONVERSION = YES;
				CLANG_WARN_OBJC_ROOT_CLASS = YES_ERROR;
				CLANG_WARN_QUOTED_INCLUDE_IN_FRAMEWORK_HEADER = YES;
				CLANG_WARN_RANGE_LOOP_ANALYSIS = YES;
				CLANG_WARN_STRICT_PROTOTYPES = YES;
				CLANG_WARN_SUSPICIOUS_MOVE = YES;
				CLANG_WARN_UNGUARDED_AVAILABILITY = YES_AGGRESSIVE;
				CLANG_WARN_UNREACHABLE_CODE = YES;
				CLANG_WARN__DUPLICATE_METHOD_MATCH = YES;
				COPY_PHASE_STRIP = NO;
				DEBUG_INFORMATION_FORMAT = "dwarf-with-dsym";
				ENABLE_NS_ASSERTIONS = NO;
				ENABLE_STRICT_OBJC_MSGSEND = YES;
				GCC_C_LANGUAGE_STANDARD = gnu11;
				GCC_NO_COMMON_BLOCKS = YES;
				GCC_WARN_64_TO_32_BIT_CONVERSION = YES;
				GCC_WARN_ABOUT_RETURN_TYPE = YES_ERROR;
				GCC_WARN_UNDECLARED_SELECTOR = YES;
				GCC_WARN_UNINITIALIZED_AUTOS = YES_AGGRESSIVE;
				GCC_WARN_UNUSED_FUNCTION = YES;
				GCC_WARN_UNUSED_VARIABLE = YES;
				IPHONEOS_DEPLOYMENT_TARGET = 14.2;
				MTL_ENABLE_DEBUG_INFO = NO;
				MTL_FAST_MATH = YES;
				SDKROOT = iphoneos;
				SWIFT_COMPILATION_MODE = wholemodule;
				SWIFT_OPTIMIZATION_LEVEL = "-O";
				VALIDATE_PRODUCT = YES;
			};
			name = Release;
		};
		820430112579DEEC00628BAB /* Debug */ = {
			isa = XCBuildConfiguration;
			baseConfigurationReference = BEFCB381300438CC4C9E4966 /* Pods-VIPER.debug.xcconfig */;
			buildSettings = {
				ASSETCATALOG_COMPILER_APPICON_NAME = AppIcon;
				ASSETCATALOG_COMPILER_GLOBAL_ACCENT_COLOR_NAME = AccentColor;
				CODE_SIGN_STYLE = Automatic;
				DEVELOPMENT_TEAM = DV97Z43DCT;
				INFOPLIST_FILE = VIPER/Info.plist;
				LD_RUNPATH_SEARCH_PATHS = (
					"$(inherited)",
					"@executable_path/Frameworks",
				);
				PRODUCT_BUNDLE_IDENTIFIER = io.wiwa.VIPER;
				PRODUCT_NAME = "$(TARGET_NAME)";
				SWIFT_VERSION = 5.0;
				TARGETED_DEVICE_FAMILY = "1,2";
			};
			name = Debug;
		};
		820430122579DEEC00628BAB /* Release */ = {
			isa = XCBuildConfiguration;
			baseConfigurationReference = DC40FE6B42B629EF9141FF64 /* Pods-VIPER.release.xcconfig */;
			buildSettings = {
				ASSETCATALOG_COMPILER_APPICON_NAME = AppIcon;
				ASSETCATALOG_COMPILER_GLOBAL_ACCENT_COLOR_NAME = AccentColor;
				CODE_SIGN_STYLE = Automatic;
				DEVELOPMENT_TEAM = DV97Z43DCT;
				INFOPLIST_FILE = VIPER/Info.plist;
				LD_RUNPATH_SEARCH_PATHS = (
					"$(inherited)",
					"@executable_path/Frameworks",
				);
				PRODUCT_BUNDLE_IDENTIFIER = io.wiwa.VIPER;
				PRODUCT_NAME = "$(TARGET_NAME)";
				SWIFT_VERSION = 5.0;
				TARGETED_DEVICE_FAMILY = "1,2";
			};
			name = Release;
		};
/* End XCBuildConfiguration section */

/* Begin XCConfigurationList section */
		82042FF72579DEEB00628BAB /* Build configuration list for PBXProject "VIPER" */ = {
			isa = XCConfigurationList;
			buildConfigurations = (
				8204300E2579DEEC00628BAB /* Debug */,
				8204300F2579DEEC00628BAB /* Release */,
			);
			defaultConfigurationIsVisible = 0;
			defaultConfigurationName = Release;
		};
		820430102579DEEC00628BAB /* Build configuration list for PBXNativeTarget "VIPER" */ = {
			isa = XCConfigurationList;
			buildConfigurations = (
				820430112579DEEC00628BAB /* Debug */,
				820430122579DEEC00628BAB /* Release */,
			);
			defaultConfigurationIsVisible = 0;
			defaultConfigurationName = Release;
		};
/* End XCConfigurationList section */
	};
	rootObject = 82042FF42579DEEB00628BAB /* Project object */;
}
